{
  "_readme": [
    "This file locks the dependencies of your project to a known state",
    "Read more about it at https://getcomposer.org/doc/01-basic-usage.md#installing-dependencies",
    "This file is @generated automatically"
  ],
  "content-hash": "48aa5d5097887558468d814b19d8b58c",
  "packages": [
    {
      "name": "tmarois/filebase",
      "version": "v1.0.0",
      "source": {
        "type": "git",
        "url": "https://github.com/tmarois/Filebase.git",
        "reference": "c985df90111123c73f9bab91898568c21086dd1a"
      },
      "dist": {
        "type": "zip",
        "url": "https://api.github.com/repos/tmarois/Filebase/zipball/c985df90111123c73f9bab91898568c21086dd1a",
        "reference": "c985df90111123c73f9bab91898568c21086dd1a",
        "shasum": ""
      },
      "require-dev": {
        "phpunit/phpunit": "^6.0",
        "satooshi/php-coveralls": "dev-master"
      },
      "type": "package",
      "autoload": {
        "psr-4": {
          "Filebase\\": "src/"
        }
      },
      "notification-url": "https://packagist.org/downloads/",
      "description": "A Simple but Powerful Flat File Database Storage.",
      "homepage": "https://github.com/tmarois/Filebase",
      "keywords": [
        "database",
        "document",
        "file",
        "file-files",
        "filebase",
        "flat",
        "flat-file",
        "key-value",
        "serverless"
      ],
      "time": "2017-08-04T19:11:54+00:00"
    }
  ],
  "packages-dev": [],
  "aliases": [],
  "minimum-stability": "stable",
  "stability-flags": [],
  "prefer-stable": false,
  "prefer-lowest": false,
  "platform": [],
  "platform-dev": [],
  "plugin-api-version": "1.1.0"
}
